// !$*UTF8*$!
{
	archiveVersion = 1;
	classes = {
	};
	objectVersion = 48;
	objects = {

/* Begin PBXBuildFile section */
		3923F0D520529731000DB204 /* AppDelegate.swift in Sources */ = {isa = PBXBuildFile; fileRef = 3923F0D420529731000DB204 /* AppDelegate.swift */; };
		3923F0D720529731000DB204 /* ViewController.swift in Sources */ = {isa = PBXBuildFile; fileRef = 3923F0D620529731000DB204 /* ViewController.swift */; };
		3923F0DA20529731000DB204 /* Main.storyboard in Resources */ = {isa = PBXBuildFile; fileRef = 3923F0D820529731000DB204 /* Main.storyboard */; };
		3923F0DC20529731000DB204 /* Assets.xcassets in Resources */ = {isa = PBXBuildFile; fileRef = 3923F0DB20529731000DB204 /* Assets.xcassets */; };
		3923F0DF20529731000DB204 /* LaunchScreen.storyboard in Resources */ = {isa = PBXBuildFile; fileRef = 3923F0DD20529731000DB204 /* LaunchScreen.storyboard */; };
		3923F0EA20529731000DB204 /* BitcoinExchangeRateTests.swift in Sources */ = {isa = PBXBuildFile; fileRef = 3923F0E920529731000DB204 /* BitcoinExchangeRateTests.swift */; };
		3923F0F520529731000DB204 /* BitcoinExchangeRateUITests.swift in Sources */ = {isa = PBXBuildFile; fileRef = 3923F0F420529731000DB204 /* BitcoinExchangeRateUITests.swift */; };
/* End PBXBuildFile section */

/* Begin PBXContainerItemProxy section */
		3923F0E620529731000DB204 /* PBXContainerItemProxy */ = {
			isa = PBXContainerItemProxy;
			containerPortal = 3923F0C920529731000DB204 /* Project object */;
			proxyType = 1;
			remoteGlobalIDString = 3923F0D020529731000DB204;
			remoteInfo = BitcoinExchangeRate;
		};
		3923F0F120529731000DB204 /* PBXContainerItemProxy */ = {
			isa = PBXContainerItemProxy;
			containerPortal = 3923F0C920529731000DB204 /* Project object */;
			proxyType = 1;
			remoteGlobalIDString = 3923F0D020529731000DB204;
			remoteInfo = BitcoinExchangeRate;
		};
/* End PBXContainerItemProxy section */

/* Begin PBXFileReference section */
		3923F0D120529731000DB204 /* BitcoinExchangeRate.app */ = {isa = PBXFileReference; explicitFileType = wrapper.application; includeInIndex = 0; path = BitcoinExchangeRate.app; sourceTree = BUILT_PRODUCTS_DIR; };
		3923F0D420529731000DB204 /* AppDelegate.swift */ = {isa = PBXFileReference; lastKnownFileType = sourcecode.swift; path = AppDelegate.swift; sourceTree = "<group>"; };
		3923F0D620529731000DB204 /* ViewController.swift */ = {isa = PBXFileReference; lastKnownFileType = sourcecode.swift; path = ViewController.swift; sourceTree = "<group>"; };
		3923F0D920529731000DB204 /* Base */ = {isa = PBXFileReference; lastKnownFileType = file.storyboard; name = Base; path = Base.lproj/Main.storyboard; sourceTree = "<group>"; };
		3923F0DB20529731000DB204 /* Assets.xcassets */ = {isa = PBXFileReference; lastKnownFileType = folder.assetcatalog; path = Assets.xcassets; sourceTree = "<group>"; };
		3923F0DE20529731000DB204 /* Base */ = {isa = PBXFileReference; lastKnownFileType = file.storyboard; name = Base; path = Base.lproj/LaunchScreen.storyboard; sourceTree = "<group>"; };
		3923F0E020529731000DB204 /* Info.plist */ = {isa = PBXFileReference; lastKnownFileType = text.plist.xml; path = Info.plist; sourceTree = "<group>"; };
		3923F0E520529731000DB204 /* BitcoinExchangeRateTests.xctest */ = {isa = PBXFileReference; explicitFileType = wrapper.cfbundle; includeInIndex = 0; path = BitcoinExchangeRateTests.xctest; sourceTree = BUILT_PRODUCTS_DIR; };
		3923F0E920529731000DB204 /* BitcoinExchangeRateTests.swift */ = {isa = PBXFileReference; lastKnownFileType = sourcecode.swift; path = BitcoinExchangeRateTests.swift; sourceTree = "<group>"; };
		3923F0EB20529731000DB204 /* Info.plist */ = {isa = PBXFileReference; lastKnownFileType = text.plist.xml; path = Info.plist; sourceTree = "<group>"; };
		3923F0F020529731000DB204 /* BitcoinExchangeRateUITests.xctest */ = {isa = PBXFileReference; explicitFileType = wrapper.cfbundle; includeInIndex = 0; path = BitcoinExchangeRateUITests.xctest; sourceTree = BUILT_PRODUCTS_DIR; };
		3923F0F420529731000DB204 /* BitcoinExchangeRateUITests.swift */ = {isa = PBXFileReference; lastKnownFileType = sourcecode.swift; path = BitcoinExchangeRateUITests.swift; sourceTree = "<group>"; };
		3923F0F620529731000DB204 /* Info.plist */ = {isa = PBXFileReference; lastKnownFileType = text.plist.xml; path = Info.plist; sourceTree = "<group>"; };
/* End PBXFileReference section */

/* Begin PBXFrameworksBuildPhase section */
		3923F0CE20529731000DB204 /* Frameworks */ = {
			isa = PBXFrameworksBuildPhase;
			buildActionMask = 2147483647;
			files = (
			);
			runOnlyForDeploymentPostprocessing = 0;
		};
		3923F0E220529731000DB204 /* Frameworks */ = {
			isa = PBXFrameworksBuildPhase;
			buildActionMask = 2147483647;
			files = (
			);
			runOnlyForDeploymentPostprocessing = 0;
		};
		3923F0ED20529731000DB204 /* Frameworks */ = {
			isa = PBXFrameworksBuildPhase;
			buildActionMask = 2147483647;
			files = (
			);
			runOnlyForDeploymentPostprocessing = 0;
		};
/* End PBXFrameworksBuildPhase section */

/* Begin PBXGroup section */
		3923F0C820529731000DB204 = {
			isa = PBXGroup;
			children = (
				3923F0D320529731000DB204 /* BitcoinExchangeRate */,
				3923F0E820529731000DB204 /* BitcoinExchangeRateTests */,
				3923F0F320529731000DB204 /* BitcoinExchangeRateUITests */,
				3923F0D220529731000DB204 /* Products */,
			);
			sourceTree = "<group>";
		};
		3923F0D220529731000DB204 /* Products */ = {
			isa = PBXGroup;
			children = (
				3923F0D120529731000DB204 /* BitcoinExchangeRate.app */,
				3923F0E520529731000DB204 /* BitcoinExchangeRateTests.xctest */,
				3923F0F020529731000DB204 /* BitcoinExchangeRateUITests.xctest */,
			);
			name = Products;
			sourceTree = "<group>";
		};
		3923F0D320529731000DB204 /* BitcoinExchangeRate */ = {
			isa = PBXGroup;
			children = (
				3923F0D420529731000DB204 /* AppDelegate.swift */,
				3923F0D620529731000DB204 /* ViewController.swift */,
				3923F0D820529731000DB204 /* Main.storyboard */,
				3923F0DB20529731000DB204 /* Assets.xcassets */,
				3923F0DD20529731000DB204 /* LaunchScreen.storyboard */,
				3923F0E020529731000DB204 /* Info.plist */,
			);
			path = BitcoinExchangeRate;
			sourceTree = "<group>";
		};
		3923F0E820529731000DB204 /* BitcoinExchangeRateTests */ = {
			isa = PBXGroup;
			children = (
				3923F0E920529731000DB204 /* BitcoinExchangeRateTests.swift */,
				3923F0EB20529731000DB204 /* Info.plist */,
			);
			path = BitcoinExchangeRateTests;
			sourceTree = "<group>";
		};
		3923F0F320529731000DB204 /* BitcoinExchangeRateUITests */ = {
			isa = PBXGroup;
			children = (
				3923F0F420529731000DB204 /* BitcoinExchangeRateUITests.swift */,
				3923F0F620529731000DB204 /* Info.plist */,
			);
			path = BitcoinExchangeRateUITests;
			sourceTree = "<group>";
		};
/* End PBXGroup section */

/* Begin PBXNativeTarget section */
		3923F0D020529731000DB204 /* BitcoinExchangeRate */ = {
			isa = PBXNativeTarget;
			buildConfigurationList = 3923F0F920529731000DB204 /* Build configuration list for PBXNativeTarget "BitcoinExchangeRate" */;
			buildPhases = (
				3923F0CD20529731000DB204 /* Sources */,
				3923F0CE20529731000DB204 /* Frameworks */,
				3923F0CF20529731000DB204 /* Resources */,
			);
			buildRules = (
			);
			dependencies = (
			);
			name = BitcoinExchangeRate;
			productName = BitcoinExchangeRate;
			productReference = 3923F0D120529731000DB204 /* BitcoinExchangeRate.app */;
			productType = "com.apple.product-type.application";
		};
		3923F0E420529731000DB204 /* BitcoinExchangeRateTests */ = {
			isa = PBXNativeTarget;
			buildConfigurationList = 3923F0FC20529731000DB204 /* Build configuration list for PBXNativeTarget "BitcoinExchangeRateTests" */;
			buildPhases = (
				3923F0E120529731000DB204 /* Sources */,
				3923F0E220529731000DB204 /* Frameworks */,
				3923F0E320529731000DB204 /* Resources */,
			);
			buildRules = (
			);
			dependencies = (
				3923F0E720529731000DB204 /* PBXTargetDependency */,
			);
			name = BitcoinExchangeRateTests;
			productName = BitcoinExchangeRateTests;
			productReference = 3923F0E520529731000DB204 /* BitcoinExchangeRateTests.xctest */;
			productType = "com.apple.product-type.bundle.unit-test";
		};
		3923F0EF20529731000DB204 /* BitcoinExchangeRateUITests */ = {
			isa = PBXNativeTarget;
			buildConfigurationList = 3923F0FF20529731000DB204 /* Build configuration list for PBXNativeTarget "BitcoinExchangeRateUITests" */;
			buildPhases = (
				3923F0EC20529731000DB204 /* Sources */,
				3923F0ED20529731000DB204 /* Frameworks */,
				3923F0EE20529731000DB204 /* Resources */,
			);
			buildRules = (
			);
			dependencies = (
				3923F0F220529731000DB204 /* PBXTargetDependency */,
			);
			name = BitcoinExchangeRateUITests;
			productName = BitcoinExchangeRateUITests;
			productReference = 3923F0F020529731000DB204 /* BitcoinExchangeRateUITests.xctest */;
			productType = "com.apple.product-type.bundle.ui-testing";
		};
/* End PBXNativeTarget section */

/* Begin PBXProject section */
		3923F0C920529731000DB204 /* Project object */ = {
			isa = PBXProject;
			attributes = {
				LastSwiftUpdateCheck = 0920;
				LastUpgradeCheck = 0920;
				ORGANIZATIONNAME = "Qi Li";
				TargetAttributes = {
					3923F0D020529731000DB204 = {
						CreatedOnToolsVersion = 9.2;
						ProvisioningStyle = Automatic;
					};
					3923F0E420529731000DB204 = {
						CreatedOnToolsVersion = 9.2;
						ProvisioningStyle = Automatic;
						TestTargetID = 3923F0D020529731000DB204;
					};
					3923F0EF20529731000DB204 = {
						CreatedOnToolsVersion = 9.2;
						ProvisioningStyle = Automatic;
						TestTargetID = 3923F0D020529731000DB204;
					};
				};
			};
			buildConfigurationList = 3923F0CC20529731000DB204 /* Build configuration list for PBXProject "BitcoinExchangeRate" */;
			compatibilityVersion = "Xcode 8.0";
			developmentRegion = en;
			hasScannedForEncodings = 0;
			knownRegions = (
				en,
				Base,
			);
			mainGroup = 3923F0C820529731000DB204;
			productRefGroup = 3923F0D220529731000DB204 /* Products */;
			projectDirPath = "";
			projectRoot = "";
			targets = (
				3923F0D020529731000DB204 /* BitcoinExchangeRate */,
				3923F0E420529731000DB204 /* BitcoinExchangeRateTests */,
				3923F0EF20529731000DB204 /* BitcoinExchangeRateUITests */,
			);
		};
/* End PBXProject section */

/* Begin PBXResourcesBuildPhase section */
		3923F0CF20529731000DB204 /* Resources */ = {
			isa = PBXResourcesBuildPhase;
			buildActionMask = 2147483647;
			files = (
				3923F0DF20529731000DB204 /* LaunchScreen.storyboard in Resources */,
				3923F0DC20529731000DB204 /* Assets.xcassets in Resources */,
				3923F0DA20529731000DB204 /* Main.storyboard in Resources */,
			);
			runOnlyForDeploymentPostprocessing = 0;
		};
		3923F0E320529731000DB204 /* Resources */ = {
			isa = PBXResourcesBuildPhase;
			buildActionMask = 2147483647;
			files = (
			);
			runOnlyForDeploymentPostprocessing = 0;
		};
		3923F0EE20529731000DB204 /* Resources */ = {
			isa = PBXResourcesBuildPhase;
			buildActionMask = 2147483647;
			files = (
			);
			runOnlyForDeploymentPostprocessing = 0;
		};
/* End PBXResourcesBuildPhase section */

/* Begin PBXSourcesBuildPhase section */
		3923F0CD20529731000DB204 /* Sources */ = {
			isa = PBXSourcesBuildPhase;
			buildActionMask = 2147483647;
			files = (
				3923F0D720529731000DB204 /* ViewController.swift in Sources */,
				3923F0D520529731000DB204 /* AppDelegate.swift in Sources */,
			);
			runOnlyForDeploymentPostprocessing = 0;
		};
		3923F0E120529731000DB204 /* Sources */ = {
			isa = PBXSourcesBuildPhase;
			buildActionMask = 2147483647;
			files = (
				3923F0EA20529731000DB204 /* BitcoinExchangeRateTests.swift in Sources */,
			);
			runOnlyForDeploymentPostprocessing = 0;
		};
		3923F0EC20529731000DB204 /* Sources */ = {
			isa = PBXSourcesBuildPhase;
			buildActionMask = 2147483647;
			files = (
				3923F0F520529731000DB204 /* BitcoinExchangeRateUITests.swift in Sources */,
			);
			runOnlyForDeploymentPostprocessing = 0;
		};
/* End PBXSourcesBuildPhase section */

/* Begin PBXTargetDependency section */
		3923F0E720529731000DB204 /* PBXTargetDependency */ = {
			isa = PBXTargetDependency;
			target = 3923F0D020529731000DB204 /* BitcoinExchangeRate */;
			targetProxy = 3923F0E620529731000DB204 /* PBXContainerItemProxy */;
		};
		3923F0F220529731000DB204 /* PBXTargetDependency */ = {
			isa = PBXTargetDependency;
			target = 3923F0D020529731000DB204 /* BitcoinExchangeRate */;
			targetProxy = 3923F0F120529731000DB204 /* PBXContainerItemProxy */;
		};
/* End PBXTargetDependency section */

/* Begin PBXVariantGroup section */
		3923F0D820529731000DB204 /* Main.storyboard */ = {
			isa = PBXVariantGroup;
			children = (
				3923F0D920529731000DB204 /* Base */,
			);
			name = Main.storyboard;
			sourceTree = "<group>";
		};
		3923F0DD20529731000DB204 /* LaunchScreen.storyboard */ = {
			isa = PBXVariantGroup;
			children = (
				3923F0DE20529731000DB204 /* Base */,
			);
			name = LaunchScreen.storyboard;
			sourceTree = "<group>";
		};
/* End PBXVariantGroup section */

/* Begin XCBuildConfiguration section */
		3923F0F720529731000DB204 /* Debug */ = {
			isa = XCBuildConfiguration;
			buildSettings = {
				ALWAYS_SEARCH_USER_PATHS = NO;
				CLANG_ANALYZER_NONNULL = YES;
				CLANG_ANALYZER_NUMBER_OBJECT_CONVERSION = YES_AGGRESSIVE;
				CLANG_CXX_LANGUAGE_STANDARD = "gnu++14";
				CLANG_CXX_LIBRARY = "libc++";
				CLANG_ENABLE_MODULES = YES;
				CLANG_ENABLE_OBJC_ARC = YES;
				CLANG_WARN_BLOCK_CAPTURE_AUTORELEASING = YES;
				CLANG_WARN_BOOL_CONVERSION = YES;
				CLANG_WARN_COMMA = YES;
				CLANG_WARN_CONSTANT_CONVERSION = YES;
				CLANG_WARN_DIRECT_OBJC_ISA_USAGE = YES_ERROR;
				CLANG_WARN_DOCUMENTATION_COMMENTS = YES;
				CLANG_WARN_EMPTY_BODY = YES;
				CLANG_WARN_ENUM_CONVERSION = YES;
				CLANG_WARN_INFINITE_RECURSION = YES;
				CLANG_WARN_INT_CONVERSION = YES;
				CLANG_WARN_NON_LITERAL_NULL_CONVERSION = YES;
				CLANG_WARN_OBJC_LITERAL_CONVERSION = YES;
				CLANG_WARN_OBJC_ROOT_CLASS = YES_ERROR;
				CLANG_WARN_RANGE_LOOP_ANALYSIS = YES;
				CLANG_WARN_STRICT_PROTOTYPES = YES;
				CLANG_WARN_SUSPICIOUS_MOVE = YES;
				CLANG_WARN_UNGUARDED_AVAILABILITY = YES_AGGRESSIVE;
				CLANG_WARN_UNREACHABLE_CODE = YES;
				CLANG_WARN__DUPLICATE_METHOD_MATCH = YES;
				CODE_SIGN_IDENTITY = "iPhone Developer";
				COPY_PHASE_STRIP = NO;
				DEBUG_INFORMATION_FORMAT = dwarf;
				ENABLE_STRICT_OBJC_MSGSEND = YES;
				ENABLE_TESTABILITY = YES;
				GCC_C_LANGUAGE_STANDARD = gnu11;
				GCC_DYNAMIC_NO_PIC = NO;
				GCC_NO_COMMON_BLOCKS = YES;
				GCC_OPTIMIZATION_LEVEL = 0;
				GCC_PREPROCESSOR_DEFINITIONS = (
					"DEBUG=1",
					"$(inherited)",
				);
				GCC_WARN_64_TO_32_BIT_CONVERSION = YES;
				GCC_WARN_ABOUT_RETURN_TYPE = YES_ERROR;
				GCC_WARN_UNDECLARED_SELECTOR = YES;
				GCC_WARN_UNINITIALIZED_AUTOS = YES_AGGRESSIVE;
				GCC_WARN_UNUSED_FUNCTION = YES;
				GCC_WARN_UNUSED_VARIABLE = YES;
				IPHONEOS_DEPLOYMENT_TARGET = 11.2;
				MTL_ENABLE_DEBUG_INFO = YES;
				ONLY_ACTIVE_ARCH = YES;
				SDKROOT = iphoneos;
				SWIFT_ACTIVE_COMPILATION_CONDITIONS = DEBUG;
				SWIFT_OPTIMIZATION_LEVEL = "-Onone";
			};
			name = Debug;
		};
		3923F0F820529731000DB204 /* Release */ = {
			isa = XCBuildConfiguration;
			buildSettings = {
				ALWAYS_SEARCH_USER_PATHS = NO;
				CLANG_ANALYZER_NONNULL = YES;
				CLANG_ANALYZER_NUMBER_OBJECT_CONVERSION = YES_AGGRESSIVE;
				CLANG_CXX_LANGUAGE_STANDARD = "gnu++14";
				CLANG_CXX_LIBRARY = "libc++";
				CLANG_ENABLE_MODULES = YES;
				CLANG_ENABLE_OBJC_ARC = YES;
				CLANG_WARN_BLOCK_CAPTURE_AUTORELEASING = YES;
				CLANG_WARN_BOOL_CONVERSION = YES;
				CLANG_WARN_COMMA = YES;
				CLANG_WARN_CONSTANT_CONVERSION = YES;
				CLANG_WARN_DIRECT_OBJC_ISA_USAGE = YES_ERROR;
				CLANG_WARN_DOCUMENTATION_COMMENTS = YES;
				CLANG_WARN_EMPTY_BODY = YES;
				CLANG_WARN_ENUM_CONVERSION = YES;
				CLANG_WARN_INFINITE_RECURSION = YES;
				CLANG_WARN_INT_CONVERSION = YES;
				CLANG_WARN_NON_LITERAL_NULL_CONVERSION = YES;
				CLANG_WARN_OBJC_LITERAL_CONVERSION = YES;
				CLANG_WARN_OBJC_ROOT_CLASS = YES_ERROR;
				CLANG_WARN_RANGE_LOOP_ANALYSIS = YES;
				CLANG_WARN_STRICT_PROTOTYPES = YES;
				CLANG_WARN_SUSPICIOUS_MOVE = YES;
				CLANG_WARN_UNGUARDED_AVAILABILITY = YES_AGGRESSIVE;
				CLANG_WARN_UNREACHABLE_CODE = YES;
				CLANG_WARN__DUPLICATE_METHOD_MATCH = YES;
				CODE_SIGN_IDENTITY = "iPhone Developer";
				COPY_PHASE_STRIP = NO;
				DEBUG_INFORMATION_FORMAT = "dwarf-with-dsym";
				ENABLE_NS_ASSERTIONS = NO;
				ENABLE_STRICT_OBJC_MSGSEND = YES;
				GCC_C_LANGUAGE_STANDARD = gnu11;
				GCC_NO_COMMON_BLOCKS = YES;
				GCC_WARN_64_TO_32_BIT_CONVERSION = YES;
				GCC_WARN_ABOUT_RETURN_TYPE = YES_ERROR;
				GCC_WARN_UNDECLARED_SELECTOR = YES;
				GCC_WARN_UNINITIALIZED_AUTOS = YES_AGGRESSIVE;
				GCC_WARN_UNUSED_FUNCTION = YES;
				GCC_WARN_UNUSED_VARIABLE = YES;
				IPHONEOS_DEPLOYMENT_TARGET = 11.2;
				MTL_ENABLE_DEBUG_INFO = NO;
				SDKROOT = iphoneos;
				SWIFT_OPTIMIZATION_LEVEL = "-Owholemodule";
				VALIDATE_PRODUCT = YES;
			};
			name = Release;
		};
		3923F0FA20529731000DB204 /* Debug */ = {
			isa = XCBuildConfiguration;
			buildSettings = {
				ASSETCATALOG_COMPILER_APPICON_NAME = AppIcon;
				CODE_SIGN_STYLE = Automatic;
				DEVELOPMENT_TEAM = 2QPYZY5Q25;
				INFOPLIST_FILE = BitcoinExchangeRate/Info.plist;
				LD_RUNPATH_SEARCH_PATHS = "$(inherited) @executable_path/Frameworks";
				PRODUCT_BUNDLE_IDENTIFIER = N26.BitcoinExchangeRate;
				PRODUCT_NAME = "$(TARGET_NAME)";
				SWIFT_VERSION = 4.0;
				TARGETED_DEVICE_FAMILY = "1,2";
			};
			name = Debug;
		};
		3923F0FB20529731000DB204 /* Release */ = {
			isa = XCBuildConfiguration;
			buildSettings = {
				ASSETCATALOG_COMPILER_APPICON_NAME = AppIcon;
				CODE_SIGN_STYLE = Automatic;
				DEVELOPMENT_TEAM = 2QPYZY5Q25;
				INFOPLIST_FILE = BitcoinExchangeRate/Info.plist;
				LD_RUNPATH_SEARCH_PATHS = "$(inherited) @executable_path/Frameworks";
				PRODUCT_BUNDLE_IDENTIFIER = N26.BitcoinExchangeRate;
				PRODUCT_NAME = "$(TARGET_NAME)";
				SWIFT_VERSION = 4.0;
				TARGETED_DEVICE_FAMILY = "1,2";
			};
			name = Release;
		};
		3923F0FD20529731000DB204 /* Debug */ = {
			isa = XCBuildConfiguration;
			buildSettings = {
				ALWAYS_EMBED_SWIFT_STANDARD_LIBRARIES = YES;
				BUNDLE_LOADER = "$(TEST_HOST)";
				CODE_SIGN_STYLE = Automatic;
				DEVELOPMENT_TEAM = 2QPYZY5Q25;
				INFOPLIST_FILE = BitcoinExchangeRateTests/Info.plist;
				LD_RUNPATH_SEARCH_PATHS = "$(inherited) @executable_path/Frameworks @loader_path/Frameworks";
				PRODUCT_BUNDLE_IDENTIFIER = N26.BitcoinExchangeRateTests;
				PRODUCT_NAME = "$(TARGET_NAME)";
				SWIFT_VERSION = 4.0;
				TARGETED_DEVICE_FAMILY = "1,2";
				TEST_HOST = "$(BUILT_PRODUCTS_DIR)/BitcoinExchangeRate.app/BitcoinExchangeRate";
			};
			name = Debug;
		};
		3923F0FE20529731000DB204 /* Release */ = {
			isa = XCBuildConfiguration;
			buildSettings = {
				ALWAYS_EMBED_SWIFT_STANDARD_LIBRARIES = YES;
				BUNDLE_LOADER = "$(TEST_HOST)";
				CODE_SIGN_STYLE = Automatic;
				DEVELOPMENT_TEAM = 2QPYZY5Q25;
				INFOPLIST_FILE = BitcoinExchangeRateTests/Info.plist;
				LD_RUNPATH_SEARCH_PATHS = "$(inherited) @executable_path/Frameworks @loader_path/Frameworks";
				PRODUCT_BUNDLE_IDENTIFIER = N26.BitcoinExchangeRateTests;
				PRODUCT_NAME = "$(TARGET_NAME)";
				SWIFT_VERSION = 4.0;
				TARGETED_DEVICE_FAMILY = "1,2";
				TEST_HOST = "$(BUILT_PRODUCTS_DIR)/BitcoinExchangeRate.app/BitcoinExchangeRate";
			};
			name = Release;
		};
		3923F10020529731000DB204 /* Debug */ = {
			isa = XCBuildConfiguration;
			buildSettings = {
				ALWAYS_EMBED_SWIFT_STANDARD_LIBRARIES = YES;
				CODE_SIGN_STYLE = Automatic;
				DEVELOPMENT_TEAM = 2QPYZY5Q25;
				INFOPLIST_FILE = BitcoinExchangeRateUITests/Info.plist;
				LD_RUNPATH_SEARCH_PATHS = "$(inherited) @executable_path/Frameworks @loader_path/Frameworks";
				PRODUCT_BUNDLE_IDENTIFIER = N26.BitcoinExchangeRateUITests;
				PRODUCT_NAME = "$(TARGET_NAME)";
				SWIFT_VERSION = 4.0;
				TARGETED_DEVICE_FAMILY = "1,2";
				TEST_TARGET_NAME = BitcoinExchangeRate;
			};
			name = Debug;
		};
		3923F10120529731000DB204 /* Release */ = {
			isa = XCBuildConfiguration;
			buildSettings = {
				ALWAYS_EMBED_SWIFT_STANDARD_LIBRARIES = YES;
				CODE_SIGN_STYLE = Automatic;
				DEVELOPMENT_TEAM = 2QPYZY5Q25;
				INFOPLIST_FILE = BitcoinExchangeRateUITests/Info.plist;
				LD_RUNPATH_SEARCH_PATHS = "$(inherited) @executable_path/Frameworks @loader_path/Frameworks";
				PRODUCT_BUNDLE_IDENTIFIER = N26.BitcoinExchangeRateUITests;
				PRODUCT_NAME = "$(TARGET_NAME)";
				SWIFT_VERSION = 4.0;
				TARGETED_DEVICE_FAMILY = "1,2";
				TEST_TARGET_NAME = BitcoinExchangeRate;
			};
			name = Release;
		};
/* End XCBuildConfiguration section */

/* Begin XCConfigurationList section */
		3923F0CC20529731000DB204 /* Build configuration list for PBXProject "BitcoinExchangeRate" */ = {
			isa = XCConfigurationList;
			buildConfigurations = (
				3923F0F720529731000DB204 /* Debug */,
				3923F0F820529731000DB204 /* Release */,
			);
			defaultConfigurationIsVisible = 0;
			defaultConfigurationName = Release;
		};
		3923F0F920529731000DB204 /* Build configuration list for PBXNativeTarget "BitcoinExchangeRate" */ = {
			isa = XCConfigurationList;
			buildConfigurations = (
				3923F0FA20529731000DB204 /* Debug */,
				3923F0FB20529731000DB204 /* Release */,
			);
			defaultConfigurationIsVisible = 0;
			defaultConfigurationName = Release;
		};
		3923F0FC20529731000DB204 /* Build configuration list for PBXNativeTarget "BitcoinExchangeRateTests" */ = {
			isa = XCConfigurationList;
			buildConfigurations = (
				3923F0FD20529731000DB204 /* Debug */,
				3923F0FE20529731000DB204 /* Release */,
			);
			defaultConfigurationIsVisible = 0;
			defaultConfigurationName = Release;
		};
		3923F0FF20529731000DB204 /* Build configuration list for PBXNativeTarget "BitcoinExchangeRateUITests" */ = {
			isa = XCConfigurationList;
			buildConfigurations = (
				3923F10020529731000DB204 /* Debug */,
				3923F10120529731000DB204 /* Release */,
			);
			defaultConfigurationIsVisible = 0;
			defaultConfigurationName = Release;
		};
/* End XCConfigurationList section */
	};
	rootObject = 3923F0C920529731000DB204 /* Project object */;
}
